<?xml version="1.0" encoding="utf-8"?>
<Project ToolsVersion="4.0" xmlns="http://schemas.microsoft.com/developer/msbuild/2003">
  <ItemGroup>
    <Filter Include="Source Files">
      <UniqueIdentifier>{4FC737F1-C7A5-4376-A066-2A32D752A2FF}</UniqueIdentifier>
      <Extensions>cpp;c;cc;cxx;c++;cppm;ixx;def;odl;idl;hpj;bat;asm;asmx</Extensions>
    </Filter>
    <Filter Include="Header Files">
      <UniqueIdentifier>{93995380-89BD-4b04-88EB-625FBE52EBFB}</UniqueIdentifier>
      <Extensions>h;hh;hpp;hxx;h++;hm;inl;inc;ipp;xsd</Extensions>
    </Filter>
    <Filter Include="Resource Files">
      <UniqueIdentifier>{67DA6AB6-F800-4c08-8B7A-83BB121AAD01}</UniqueIdentifier>
      <Extensions>rc;ico;cur;bmp;dlg;rc2;rct;bin;rgs;gif;jpg;jpeg;jpe;resx;tiff;tif;png;wav;mfcribbon-ms</Extensions>
    </Filter>
    <Filter Include="Source Files\number theory">
      <UniqueIdentifier>{5d441563-08c0-451d-bf4c-be29ccbd4ea5}</UniqueIdentifier>
    </Filter>
    <Filter Include="Source Files\extensions">
      <UniqueIdentifier>{96dc05ee-99b8-471f-be20-88ea9c2c28b9}</UniqueIdentifier>
    </Filter>
    <Filter Include="Source Files\extensions\vector extensions">
      <UniqueIdentifier>{fe66b90b-48d6-4c92-a9c5-753201eb4d66}</UniqueIdentifier>
    </Filter>
    <Filter Include="Source Files\range queries">
      <UniqueIdentifier>{b8c5a19f-cf2e-4821-aa53-9117cc627e1c}</UniqueIdentifier>
    </Filter>
  </ItemGroup>
  <ItemGroup>
    <ClCompile Include="CompetetiveCollection.cpp">
      <Filter>Source Files</Filter>
    </ClCompile>
    <ClCompile Include="binary_exp.cpp">
      <Filter>Source Files\number theory</Filter>
    </ClCompile>
    <ClCompile Include="primality_test.cpp">
      <Filter>Source Files\number theory</Filter>
    </ClCompile>
    <ClCompile Include="matrix.cpp">
      <Filter>Source Files\number theory</Filter>
    </ClCompile>
    <ClCompile Include="sieve.cpp">
      <Filter>Source Files\number theory</Filter>
    </ClCompile>
    <ClCompile Include="matrix_exp.cpp">
      <Filter>Source Files\number theory</Filter>
    </ClCompile>
    <ClCompile Include="sparse_table.cpp">
      <Filter>Source Files\range queries</Filter>
    </ClCompile>
    <ClCompile Include="Graph\dsu.cpp">
      <Filter>Source Files</Filter>
    </ClCompile>
  </ItemGroup>
  <ItemGroup>
    <ClInclude Include="primality_test.hpp">
      <Filter>Source Files\number theory</Filter>
    </ClInclude>
    <ClInclude Include="binary_exp.hpp">
      <Filter>Source Files\number theory</Filter>
    </ClInclude>
    <ClInclude Include="sieve.hpp">
      <Filter>Source Files\number theory</Filter>
    </ClInclude>
    <ClInclude Include="vector_ext.cpp">
      <Filter>Source Files\extensions\vector extensions</Filter>
    </ClInclude>
    <ClInclude Include="prime_factorization.hpp">
      <Filter>Source Files\number theory</Filter>
    </ClInclude>
    <ClInclude Include="matrix_exp.hpp">
      <Filter>Source Files\number theory</Filter>
    </ClInclude>
    <ClInclude Include="matrix.hpp">
      <Filter>Source Files\number theory</Filter>
    </ClInclude>
    <ClInclude Include="sparse_table.hpp">
      <Filter>Source Files\range queries</Filter>
    </ClInclude>
    <ClInclude Include="vector_ext.hpp">
      <Filter>Source Files\extensions\vector extensions</Filter>
    </ClInclude>
    <ClInclude Include="Graph\dsu.h">
      <Filter>Header Files</Filter>
    </ClInclude>
  </ItemGroup>
</Project>