
Microsoft Visual Studio Solution File, Format Version 12.00
# Visual Studio Version 17
VisualStudioVersion = 17.5.33414.496
MinimumVisualStudioVersion = 10.0.40219.1
Project("{8BC9CEB8-8B4A-11D0-8D11-00A0C91BC942}") = "CompetetiveCollection", "CompetetiveCollection.vcxproj", "{5CB1368E-13EE-48C3-A2F8-42F901CB344D}"
EndProject
Global
	GlobalSection(SolutionConfigurationPlatforms) = preSolution
		Debug|x64 = Debug|x64
		Debug|x86 = Debug|x86
		Release|x64 = Release|x64
		Release|x86 = Release|x86
	EndGlobalSection
	GlobalSection(ProjectConfigurationPlatforms) = postSolution
		{5CB1368E-13EE-48C3-A2F8-42F901CB344D}.Debug|x64.ActiveCfg = Debug|x64
		{5CB1368E-13EE-48C3-A2F8-42F901CB344D}.Debug|x64.Build.0 = Debug|x64
		{5CB1368E-13EE-48C3-A2F8-42F901CB344D}.Debug|x86.ActiveCfg = Debug|Win32
		{5CB1368E-13EE-48C3-A2F8-42F901CB344D}.Debug|x86.Build.0 = Debug|Win32
		{5CB1368E-13EE-48C3-A2F8-42F901CB344D}.Release|x64.ActiveCfg = Release|x64
		{5CB1368E-13EE-48C3-A2F8-42F901CB344D}.Release|x64.Build.0 = Release|x64
		{5CB1368E-13EE-48C3-A2F8-42F901CB344D}.Release|x86.ActiveCfg = Release|Win32
		{5CB1368E-13EE-48C3-A2F8-42F901CB344D}.Release|x86.Build.0 = Release|Win32
	EndGlobalSection
	GlobalSection(SolutionProperties) = preSolution
		HideSolutionNode = FALSE
	EndGlobalSection
	GlobalSection(ExtensibilityGlobals) = postSolution
		SolutionGuid = {FDC0D591-72B8-41F4-924E-27F6B4D22D03}
	EndGlobalSection
EndGlobal
